
Microsoft Visual Studio Solution File, Format Version 12.00
# Visual Studio 15
VisualStudioVersion = 15.0.27130.2027
MinimumVisualStudioVersion = 10.0.40219.1
Project("{FAE04EC0-301F-11D3-BF4B-00C04F79EFBC}") = "Acomp1", "Acomp1\Acomp1.csproj", "{3429686C-4873-4837-99F6-B031F7285383}"
EndProject
Global
	GlobalSection(SolutionConfigurationPlatforms) = preSolution
		Debug|Any CPU = Debug|Any CPU
		Release|Any CPU = Release|Any CPU
	EndGlobalSection
	GlobalSection(ProjectConfigurationPlatforms) = postSolution
		{3429686C-4873-4837-99F6-B031F7285383}.Debug|Any CPU.ActiveCfg = Debug|Any CPU
		{3429686C-4873-4837-99F6-B031F7285383}.Debug|Any CPU.Build.0 = Debug|Any CPU
		{3429686C-4873-4837-99F6-B031F7285383}.Release|Any CPU.ActiveCfg = Release|Any CPU
		{3429686C-4873-4837-99F6-B031F7285383}.Release|Any CPU.Build.0 = Release|Any CPU
	EndGlobalSection
	GlobalSection(SolutionProperties) = preSolution
		HideSolutionNode = FALSE
	EndGlobalSection
	GlobalSection(ExtensibilityGlobals) = postSolution
		SolutionGuid = {8C0A9417-F712-4627-9F63-C389FE809609}
	EndGlobalSection
EndGlobal
